{
  "name": "typium",
  "version": "1.1.2",
  "lockfileVersion": 3,
  "requires": true,
  "packages": {
    "": {
      "name": "typium",
      "version": "1.1.2",
      "license": "Apache-2.0",
      "dependencies": {
        "typium": "file:typium-1.0.0-ultra-realistic.tgz"
      }
    },
    "node_modules/typium": {
      "version": "1.0.0-ultra-realistic",
      "resolved": "file:typium-1.0.0-ultra-realistic.tgz",
      "integrity": "sha512-4YBc94PorJ4pNBIlD/moJDpvWn8xt6zysFmw3pyZGPFx/BLXl9nezjctFMdjszjGO9Wv/DEHoysMsEl5FHzEJQ==",
      "license": "Apache-2.0"
    }
  }
}
